
Microsoft Visual Studio Solution File, Format Version 12.00
# Visual Studio Version 16
VisualStudioVersion = 16.0.28803.202
MinimumVisualStudioVersion = 10.0.40219.1
Project("{FAE04EC0-301F-11D3-BF4B-00C04F79EFBC}") = "SHURPONE", "SHURPONE\SHURPONE.csproj", "{7D7EBAEE-2428-4034-8421-B436CB91B369}"
EndProject
Project("{FAE04EC0-301F-11D3-BF4B-00C04F79EFBC}") = "ConsoleOne", "ConsoleOne\ConsoleOne.csproj", "{924C42AF-79E0-4BA2-9576-B4555FCBC0BC}"
EndProject
Global
	GlobalSection(SolutionConfigurationPlatforms) = preSolution
		Debug|Any CPU = Debug|Any CPU
		Release|Any CPU = Release|Any CPU
	EndGlobalSection
	GlobalSection(ProjectConfigurationPlatforms) = postSolution
		{7D7EBAEE-2428-4034-8421-B436CB91B369}.Debug|Any CPU.ActiveCfg = Debug|Any CPU
		{7D7EBAEE-2428-4034-8421-B436CB91B369}.Debug|Any CPU.Build.0 = Debug|Any CPU
		{7D7EBAEE-2428-4034-8421-B436CB91B369}.Release|Any CPU.ActiveCfg = Release|Any CPU
		{7D7EBAEE-2428-4034-8421-B436CB91B369}.Release|Any CPU.Build.0 = Release|Any CPU
		{924C42AF-79E0-4BA2-9576-B4555FCBC0BC}.Debug|Any CPU.ActiveCfg = Debug|Any CPU
		{924C42AF-79E0-4BA2-9576-B4555FCBC0BC}.Debug|Any CPU.Build.0 = Debug|Any CPU
		{924C42AF-79E0-4BA2-9576-B4555FCBC0BC}.Release|Any CPU.ActiveCfg = Release|Any CPU
		{924C42AF-79E0-4BA2-9576-B4555FCBC0BC}.Release|Any CPU.Build.0 = Release|Any CPU
	EndGlobalSection
	GlobalSection(SolutionProperties) = preSolution
		HideSolutionNode = FALSE
	EndGlobalSection
	GlobalSection(ExtensibilityGlobals) = postSolution
		SolutionGuid = {3A1B20B5-5962-4DF7-BDE0-276C274519B2}
	EndGlobalSection
EndGlobal
